
Microsoft Visual Studio Solution File, Format Version 12.00
# Visual Studio 14
VisualStudioVersion = 14.0.25420.1
MinimumVisualStudioVersion = 10.0.40219.1
Project("{FAE04EC0-301F-11D3-BF4B-00C04F79EFBC}") = "CarpoolManagementSystem", "CarpoolManagementSystem\CarpoolManagementSystem.csproj", "{7CEEF3DA-166D-49A9-8F1A-BD5772529D9D}"
EndProject
Project("{FAE04EC0-301F-11D3-BF4B-00C04F79EFBC}") = "CarpoolManagementSystemTest", "CMSTest\CarpoolManagementSystemTest.csproj", "{40DDC72C-E68F-4A8E-A880-69926BC82294}"
EndProject
Global
	GlobalSection(SolutionConfigurationPlatforms) = preSolution
		Debug|Any CPU = Debug|Any CPU
		Release|Any CPU = Release|Any CPU
	EndGlobalSection
	GlobalSection(ProjectConfigurationPlatforms) = postSolution
		{7CEEF3DA-166D-49A9-8F1A-BD5772529D9D}.Debug|Any CPU.ActiveCfg = Debug|Any CPU
		{7CEEF3DA-166D-49A9-8F1A-BD5772529D9D}.Debug|Any CPU.Build.0 = Debug|Any CPU
		{7CEEF3DA-166D-49A9-8F1A-BD5772529D9D}.Release|Any CPU.ActiveCfg = Release|Any CPU
		{7CEEF3DA-166D-49A9-8F1A-BD5772529D9D}.Release|Any CPU.Build.0 = Release|Any CPU
		{40DDC72C-E68F-4A8E-A880-69926BC82294}.Debug|Any CPU.ActiveCfg = Debug|Any CPU
		{40DDC72C-E68F-4A8E-A880-69926BC82294}.Debug|Any CPU.Build.0 = Debug|Any CPU
		{40DDC72C-E68F-4A8E-A880-69926BC82294}.Release|Any CPU.ActiveCfg = Release|Any CPU
		{40DDC72C-E68F-4A8E-A880-69926BC82294}.Release|Any CPU.Build.0 = Release|Any CPU
	EndGlobalSection
	GlobalSection(SolutionProperties) = preSolution
		HideSolutionNode = FALSE
	EndGlobalSection
EndGlobal
